
Microsoft Visual Studio Solution File, Format Version 12.00
# Visual Studio 14
VisualStudioVersion = 14.0.25123.0
MinimumVisualStudioVersion = 10.0.40219.1
Project("{FAE04EC0-301F-11D3-BF4B-00C04F79EFBC}") = "fizz_buzz", "fizz_buzz\fizz_buzz.csproj", "{A1ABFD8E-3041-4D29-930E-27090FF7D870}"
EndProject
Global
	GlobalSection(SolutionConfigurationPlatforms) = preSolution
		Debug|Any CPU = Debug|Any CPU
		Release|Any CPU = Release|Any CPU
	EndGlobalSection
	GlobalSection(ProjectConfigurationPlatforms) = postSolution
		{A1ABFD8E-3041-4D29-930E-27090FF7D870}.Debug|Any CPU.ActiveCfg = Debug|Any CPU
		{A1ABFD8E-3041-4D29-930E-27090FF7D870}.Debug|Any CPU.Build.0 = Debug|Any CPU
		{A1ABFD8E-3041-4D29-930E-27090FF7D870}.Release|Any CPU.ActiveCfg = Release|Any CPU
		{A1ABFD8E-3041-4D29-930E-27090FF7D870}.Release|Any CPU.Build.0 = Release|Any CPU
	EndGlobalSection
	GlobalSection(SolutionProperties) = preSolution
		HideSolutionNode = FALSE
	EndGlobalSection
EndGlobal
